
Microsoft Visual Studio Solution File, Format Version 12.00
# Visual Studio Version 17
VisualStudioVersion = 17.1.32407.343
MinimumVisualStudioVersion = 10.0.40219.1
Project("{FAE04EC0-301F-11D3-BF4B-00C04F79EFBC}") = "RobotGrassCutter", "RobotGrassCutter\RobotGrassCutter.csproj", "{0634493B-1940-4823-8AF4-7B7D7296C24E}"
EndProject
Global
	GlobalSection(SolutionConfigurationPlatforms) = preSolution
		Debug|Any CPU = Debug|Any CPU
		Release|Any CPU = Release|Any CPU
	EndGlobalSection
	GlobalSection(ProjectConfigurationPlatforms) = postSolution
		{0634493B-1940-4823-8AF4-7B7D7296C24E}.Debug|Any CPU.ActiveCfg = Debug|Any CPU
		{0634493B-1940-4823-8AF4-7B7D7296C24E}.Debug|Any CPU.Build.0 = Debug|Any CPU
		{0634493B-1940-4823-8AF4-7B7D7296C24E}.Release|Any CPU.ActiveCfg = Release|Any CPU
		{0634493B-1940-4823-8AF4-7B7D7296C24E}.Release|Any CPU.Build.0 = Release|Any CPU
	EndGlobalSection
	GlobalSection(SolutionProperties) = preSolution
		HideSolutionNode = FALSE
	EndGlobalSection
	GlobalSection(ExtensibilityGlobals) = postSolution
		SolutionGuid = {09BF6479-CD9D-4B6D-AD59-2807D7AE93B5}
	EndGlobalSection
EndGlobal
